# This file is @generated by PDM.
# It is not intended for manual editing.

[metadata]
groups = ["default"]
strategy = ["inherit_metadata"]
lock_version = "4.5.1"
content_hash = "sha256:43ccb67ace4391a8218f111b9ca9515b0188970926eeeefdc453690695dc8249"

[[metadata.targets]]
requires_python = "==3.13.*"

[[package]]
name = "aiofiles"
version = "25.1.0"
requires_python = ">=3.9"
summary = "File support for asyncio."
groups = ["default"]
files = [
    {file = "aiofiles-25.1.0-py3-none-any.whl", hash = "sha256:abe311e527c862958650f9438e859c1fa7568a141b22abcd015e120e86a85695"},
    {file = "aiofiles-25.1.0.tar.gz", hash = "sha256:a8d728f0a29de45dc521f18f07297428d56992a742f0cd2701ba86e44d23d5b2"},
]

[[package]]
name = "anyio"
version = "4.15.1"
requires_python = ">=3.10"
summary = "High-level concurrency and networking framework on top of asyncio or Trio"
groups = ["default"]
marker = "sys_platform != \"emscripten\""
dependencies = [
    "exceptiongroup>=1.0.2; python_version < \"3.11\"",
    "idna>=2.8",
    "typing-extensions>=4.16.0; python_version < \"3.15\"",
]
files = [
    {file = "anyio-4.15.1-py3-none-any.whl", hash = "sha256:6152fdbbf9a77fdec97731721bebf7c4c44f7c29b424b0065826173efc7ed101"},
    {file = "anyio-4.15.1.tar.gz", hash = "sha256:9f28306018cbd6d329e64a36d58256edff76dd996fe423bc957326e578b82a94"},
]

[[package]]
name = "h11"
version = "0.16.0"
requires_python = ">=3.8"
summary = "A pure-Python, bring-your-own-I/O implementation of HTTP/1.1"
groups = ["default"]
marker = "sys_platform != \"emscripten\""
files = [
    {file = "h11-0.16.0-py3-none-any.whl", hash = "sha256:63cf8bbe7522de3bf65932fda1d9c2772064ffb3dae62d55932da54b31cb6c86"},
    {file = "h11-0.16.0.tar.gz", hash = "sha256:4e35b956cf45792e4caa5885e69fba00bdbc6ffafbfa020300e549b208ee5ff1"},
]

[[package]]
name = "html5tagger"
version = "2.0.0"
requires_python = ">=3.10"
summary = "Pythonic HTML generation/templating (no template files)"
groups = ["default"]
files = [
    {file = "html5tagger-2.0.0-py3-none-any.whl", hash = "sha256:c7a46fa74c81fdbd33b7e4a9630f4d592ec818181fc58702585e9bad0b76f891"},
    {file = "html5tagger-2.0.0.tar.gz", hash = "sha256:0dee3c9054443930e9a3225edcc810b6df76c0aeabfee463e9437a90a1ac1624"},
]

[[package]]
name = "httpcore2"
version = "2.12.0"
requires_python = ">=3.10"
summary = "A minimal low-level HTTP client."
groups = ["default"]
marker = "sys_platform != \"emscripten\""
dependencies = [
    "h11>=0.16",
    "truststore>=0.10",
]
files = [
    {file = "httpcore2-2.12.0-py3-none-any.whl", hash = "sha256:7e04258ce01013d7d615e5b910a3b27fac937d7a95038227e79652b4ba3b4ceb"},
    {file = "httpcore2-2.12.0.tar.gz", hash = "sha256:9293522bba0aa7c4c8e9e3f040c16575bd8868e155a77fa30c7a9085a5eae648"},
]

[[package]]
name = "httptools"
version = "0.8.0"
requires_python = ">=3.9"
summary = "A collection of framework independent HTTP protocol utils."
groups = ["default"]
files = [
    {file = "httptools-0.8.0-cp313-cp313-macosx_10_13_universal2.whl", hash = "sha256:614ceea8ea606848bece2338ac03b3ce5324bcb4be8dc7d377ed708012fa4db8"},
    {file = "httptools-0.8.0-cp313-cp313-macosx_11_0_arm64.whl", hash = "sha256:2d689918c15a013c65ef52d9fd495d766893ab831a2c8d89f2ac5940a5df847c"},
    {file = "httptools-0.8.0-cp313-cp313-manylinux1_x86_64.manylinux_2_28_x86_64.manylinux_2_5_x86_64.whl", hash = "sha256:eb3028cca2fc0a6d720e52ef61d8ebb62fcbfeb1de56874546d858d3f25a26b7"},
    {file = "httptools-0.8.0-cp313-cp313-manylinux2014_aarch64.manylinux_2_17_aarch64.manylinux_2_28_aarch64.whl", hash = "sha256:88bdd940f2b5d487b4d032c6afa5489a7dc4694410d43de3c38c4fb3af0dc45d"},
    {file = "httptools-0.8.0-cp313-cp313-musllinux_1_2_aarch64.whl", hash = "sha256:6a43c9dd399758ccc0531acb0a3c4a6c299ee893ee9400e9c893b7bdcfae0681"},
    {file = "httptools-0.8.0-cp313-cp313-musllinux_1_2_x86_64.whl", hash = "sha256:0770728beb05094c809b98e814edff5fef69d26ad7d21185f2f6d5884a0ba683"},
    {file = "httptools-0.8.0-cp313-cp313-win_amd64.whl", hash = "sha256:7685df791fad561384bfb139e77fde27a1ffd93134e016f95a0db424ffbf77b1"},
    {file = "httptools-0.8.0.tar.gz", hash = "sha256:6b2a32f18d97e16e90827d7a819ffa8dbd8cc245fc4e1fa9d1095b54ef4bd999"},
]

[[package]]
name = "httpx2"
version = "2.12.0"
requires_python = ">=3.10"
summary = "The next generation HTTP client."
groups = ["default"]
dependencies = [
    "anyio>=4.10; sys_platform != \"emscripten\"",
    "httpcore2==2.12.0; sys_platform != \"emscripten\"",
    "httpx2-jsfetch; sys_platform == \"emscripten\" and python_version >= \"3.12\"",
    "idna>=3.18",
    "truststore>=0.10; sys_platform != \"emscripten\"",
    "typing-extensions>=4.5.0; python_version < \"3.13\"",
]
files = [
    {file = "httpx2-2.12.0-py3-none-any.whl", hash = "sha256:cc8b6eecb8661c146b8f89a60e97456ee086e91a784ed31ac450c3a9e613dd36"},
    {file = "httpx2-2.12.0.tar.gz", hash = "sha256:7631fe9887a8a2275f4a2540e053aa670fcc50742864a9ae7c66e609fdcf12cf"},
]

[[package]]
name = "httpx2-jsfetch"
version = "1.0"
requires_python = ">=3.12"
summary = "httpx2 transports for Emscripten/Pyodide, backed by the JavaScript fetch API."
groups = ["default"]
marker = "sys_platform == \"emscripten\" and python_version >= \"3.12\""
files = [
    {file = "httpx2_jsfetch-1.0-py3-none-any.whl", hash = "sha256:cb916b707601e69a07721aabc8f3f6659be3a6893bc1ff5c6f9e02241df2da32"},
    {file = "httpx2_jsfetch-1.0.tar.gz", hash = "sha256:70a0e3eabfef7cce5ad9c629f7d01ca05e418f586646f4ddf14782e4c1454c60"},
]

[[package]]
name = "idna"
version = "3.19"
requires_python = ">=3.9"
summary = "Internationalized Domain Names in Applications (IDNA)"
groups = ["default"]
files = [
    {file = "idna-3.19-py3-none-any.whl", hash = "sha256:815e7be7a7806d54abb586dc943addc79e8b2ee16915059658cbeff4b1b43bf4"},
    {file = "idna-3.19.tar.gz", hash = "sha256:5e0811a4383b21dc5838069f801c4fb62113b7447663d2530d2bd6e77b49bf15"},
]

[[package]]
name = "multidict"
version = "6.7.1"
requires_python = ">=3.9"
summary = "multidict implementation"
groups = ["default"]
dependencies = [
    "typing-extensions>=4.1.0; python_version < \"3.11\"",
]
files = [
    {file = "multidict-6.7.1-cp313-cp313-macosx_10_13_universal2.whl", hash = "sha256:2b41f5fed0ed563624f1c17630cb9941cf2309d4df00e494b551b5f3e3d67a23"},
    {file = "multidict-6.7.1-cp313-cp313-macosx_10_13_x86_64.whl", hash = "sha256:84e61e3af5463c19b67ced91f6c634effb89ef8bfc5ca0267f954451ed4bb6a2"},
    {file = "multidict-6.7.1-cp313-cp313-macosx_11_0_arm64.whl", hash = "sha256:935434b9853c7c112eee7ac891bc4cb86455aa631269ae35442cb316790c1445"},
    {file = "multidict-6.7.1-cp313-cp313-manylinux1_i686.manylinux_2_28_i686.manylinux_2_5_i686.whl", hash = "sha256:432feb25a1cb67fe82a9680b4d65fb542e4635cb3166cd9c01560651ad60f177"},
    {file = "multidict-6.7.1-cp313-cp313-manylinux2014_aarch64.manylinux_2_17_aarch64.manylinux_2_28_aarch64.whl", hash = "sha256:e82d14e3c948952a1a85503817e038cba5905a3352de76b9a465075d072fba23"},
    {file = "multidict-6.7.1-cp313-cp313-manylinux2014_armv7l.manylinux_2_17_armv7l.manylinux_2_31_armv7l.whl", hash = "sha256:4cfb48c6ea66c83bcaaf7e4dfa7ec1b6bbcf751b7db85a328902796dfde4c060"},
    {file = "multidict-6.7.1-cp313-cp313-manylinux2014_ppc64le.manylinux_2_17_ppc64le.manylinux_2_28_ppc64le.whl", hash = "sha256:1d540e51b7e8e170174555edecddbd5538105443754539193e3e1061864d444d"},
    {file = "multidict-6.7.1-cp313-cp313-manylinux2014_s390x.manylinux_2_17_s390x.manylinux_2_28_s390x.whl", hash = "sha256:273d23f4b40f3dce4d6c8a821c741a86dec62cded82e1175ba3d99be128147ed"},
    {file = "multidict-6.7.1-cp313-cp313-manylinux2014_x86_64.manylinux_2_17_x86_64.manylinux_2_28_x86_64.whl", hash = "sha256:9d624335fd4fa1c08a53f8b4be7676ebde19cd092b3895c421045ca87895b429"},
    {file = "multidict-6.7.1-cp313-cp313-musllinux_1_2_aarch64.whl", hash = "sha256:12fad252f8b267cc75b66e8fc51b3079604e8d43a75428ffe193cd9e2195dfd6"},
    {file = "multidict-6.7.1-cp313-cp313-musllinux_1_2_armv7l.whl", hash = "sha256:03ede2a6ffbe8ef936b92cb4529f27f42be7f56afcdab5ab739cd5f27fb1cbf9"},
    {file = "multidict-6.7.1-cp313-cp313-musllinux_1_2_i686.whl", hash = "sha256:90efbcf47dbe33dcf643a1e400d67d59abeac5db07dc3f27d6bdeae497a2198c"},
    {file = "multidict-6.7.1-cp313-cp313-musllinux_1_2_ppc64le.whl", hash = "sha256:5c4b9bfc148f5a91be9244d6264c53035c8a0dcd2f51f1c3c6e30e30ebaa1c84"},
    {file = "multidict-6.7.1-cp313-cp313-musllinux_1_2_s390x.whl", hash = "sha256:401c5a650f3add2472d1d288c26deebc540f99e2fb83e9525007a74cd2116f1d"},
    {file = "multidict-6.7.1-cp313-cp313-musllinux_1_2_x86_64.whl", hash = "sha256:97891f3b1b3ffbded884e2916cacf3c6fc87b66bb0dde46f7357404750559f33"},
    {file = "multidict-6.7.1-cp313-cp313-win32.whl", hash = "sha256:e1c5988359516095535c4301af38d8a8838534158f649c05dd1050222321bcb3"},
    {file = "multidict-6.7.1-cp313-cp313-win_amd64.whl", hash = "sha256:960c83bf01a95b12b08fd54324a4eb1d5b52c88932b5cba5d6e712bb3ed12eb5"},
    {file = "multidict-6.7.1-cp313-cp313-win_arm64.whl", hash = "sha256:563fe25c678aaba333d5399408f5ec3c383ca5b663e7f774dd179a520b8144df"},
    {file = "multidict-6.7.1-cp313-cp313t-macosx_10_13_universal2.whl", hash = "sha256:c76c4bec1538375dad9d452d246ca5368ad6e1c9039dadcf007ae59c70619ea1"},
    {file = "multidict-6.7.1-cp313-cp313t-macosx_10_13_x86_64.whl", hash = "sha256:57b46b24b5d5ebcc978da4ec23a819a9402b4228b8a90d9c656422b4bdd8a963"},
    {file = "multidict-6.7.1-cp313-cp313t-macosx_11_0_arm64.whl", hash = "sha256:e954b24433c768ce78ab7929e84ccf3422e46deb45a4dc9f93438f8217fa2d34"},
    {file = "multidict-6.7.1-cp313-cp313t-manylinux1_i686.manylinux_2_28_i686.manylinux_2_5_i686.whl", hash = "sha256:3bd231490fa7217cc832528e1cd8752a96f0125ddd2b5749390f7c3ec8721b65"},
    {file = "multidict-6.7.1-cp313-cp313t-manylinux2014_aarch64.manylinux_2_17_aarch64.manylinux_2_28_aarch64.whl", hash = "sha256:253282d70d67885a15c8a7716f3a73edf2d635793ceda8173b9ecc21f2fb8292"},
    {file = "multidict-6.7.1-cp313-cp313t-manylinux2014_armv7l.manylinux_2_17_armv7l.manylinux_2_31_armv7l.whl", hash = "sha256:0b4c48648d7649c9335cf1927a8b87fa692de3dcb15faa676c6a6f1f1aabda43"},
    {file = "multidict-6.7.1-cp313-cp313t-manylinux2014_ppc64le.manylinux_2_17_ppc64le.manylinux_2_28_ppc64le.whl", hash = "sha256:98bc624954ec4d2c7cb074b8eefc2b5d0ce7d482e410df446414355d158fe4ca"},
    {file = "multidict-6.7.1-cp313-cp313t-manylinux2014_s390x.manylinux_2_17_s390x.manylinux_2_28_s390x.whl", hash = "sha256:1b99af4d9eec0b49927b4402bcbb58dea89d3e0db8806a4086117019939ad3dd"},
    {file = "multidict-6.7.1-cp313-cp313t-manylinux2014_x86_64.manylinux_2_17_x86_64.manylinux_2_28_x86_64.whl", hash = "sha256:6aac4f16b472d5b7dc6f66a0d49dd57b0e0902090be16594dc9ebfd3d17c47e7"},
    {file = "multidict-6.7.1-cp313-cp313t-musllinux_1_2_aarch64.whl", hash = "sha256:21f830fe223215dffd51f538e78c172ed7c7f60c9b96a2bf05c4848ad49921c3"},
    {file = "multidict-6.7.1-cp313-cp313t-musllinux_1_2_armv7l.whl", hash = "sha256:f5dd81c45b05518b9aa4da4aa74e1c93d715efa234fd3e8a179df611cc85e5f4"},
    {file = "multidict-6.7.1-cp313-cp313t-musllinux_1_2_i686.whl", hash = "sha256:eb304767bca2bb92fb9c5bd33cedc95baee5bb5f6c88e63706533a1c06ad08c8"},
    {file = "multidict-6.7.1-cp313-cp313t-musllinux_1_2_ppc64le.whl", hash = "sha256:c9035dde0f916702850ef66460bc4239d89d08df4d02023a5926e7446724212c"},
    {file = "multidict-6.7.1-cp313-cp313t-musllinux_1_2_s390x.whl", hash = "sha256:af959b9beeb66c822380f222f0e0a1889331597e81f1ded7f374f3ecb0fd6c52"},
    {file = "multidict-6.7.1-cp313-cp313t-musllinux_1_2_x86_64.whl", hash = "sha256:41f2952231456154ee479651491e94118229844dd7226541788be783be2b5108"},
    {file = "multidict-6.7.1-cp313-cp313t-win32.whl", hash = "sha256:df9f19c28adcb40b6aae30bbaa1478c389efd50c28d541d76760199fc1037c32"},
    {file = "multidict-6.7.1-cp313-cp313t-win_amd64.whl", hash = "sha256:d54ecf9f301853f2c5e802da559604b3e95bb7a3b01a9c295c6ee591b9882de8"},
    {file = "multidict-6.7.1-cp313-cp313t-win_arm64.whl", hash = "sha256:5a37ca18e360377cfda1d62f5f382ff41f2b8c4ccb329ed974cc2e1643440118"},
    {file = "multidict-6.7.1-py3-none-any.whl", hash = "sha256:55d97cc6dae627efa6a6e548885712d4864b81110ac76fa4e534c03819fa4a56"},
    {file = "multidict-6.7.1.tar.gz", hash = "sha256:ec6652a1bee61c53a3e5776b6049172c53b6aaba34f18c9ad04f82712bac623d"},
]

[[package]]
name = "pystache"
version = "0.6.8"
requires_python = ">=3.8"
summary = "Mustache for Python"
groups = ["default"]
dependencies = [
    "importlib-metadata>=4.6; python_version < \"3.10\"",
]
files = [
    {file = "pystache-0.6.8-py3-none-any.whl", hash = "sha256:7211e000974a6e06bce2d4d5cad8df03bcfffefd367209117376e4527a1c3cb8"},
    {file = "pystache-0.6.8.tar.gz", hash = "sha256:3707518e6a4d26dd189b07c10c669b1fc17df72684617c327bd3550e7075c72c"},
]

[[package]]
name = "sanic"
version = "25.12.1"
requires_python = ">=3.10"
summary = "A web server and web framework that's written to go fast. Build fast. Run fast."
groups = ["default"]
dependencies = [
    "aiofiles>=0.6.0",
    "html5tagger>=1.2.1",
    "httptools>=0.0.10",
    "multidict<7.0,>=5.0",
    "sanic-routing>=23.12.0",
    "setuptools>=70.1.0",
    "tracerite>=2.2.0",
    "typing-extensions>=4.4.0",
    "ujson>=1.35; sys_platform != \"win32\" and implementation_name == \"cpython\"",
    "uvloop>=0.15.0; sys_platform != \"win32\" and implementation_name == \"cpython\"",
    "websockets>=10.0",
]
files = [
    {file = "sanic-25.12.1-py3-none-any.whl", hash = "sha256:3874f1fe0442e3b12ce4a3f6524f676d5d3c43839c6a4967d1b82fd8db53c0f3"},
    {file = "sanic-25.12.1.tar.gz", hash = "sha256:7b51bf608e4030f06a6c002cd08fed2872e4936527e63c9a8a97d5cd06a2b47f"},
]

[[package]]
name = "sanic-routing"
version = "23.12.0"
summary = "Core routing component for Sanic"
groups = ["default"]
files = [
    {file = "sanic-routing-23.12.0.tar.gz", hash = "sha256:1dcadc62c443e48c852392dba03603f9862b6197fc4cba5bbefeb1ace0848b04"},
    {file = "sanic_routing-23.12.0-py3-none-any.whl", hash = "sha256:1558a72afcb9046ed3134a5edae02fc1552cff08f0fff2e8d5de0877ea43ed73"},
]

[[package]]
name = "setuptools"
version = "84.0.0"
requires_python = ">=3.10"
summary = "Most extensible Python build backend with support for C/C++ extension modules"
groups = ["default"]
files = [
    {file = "setuptools-84.0.0-py3-none-any.whl", hash = "sha256:51a52592b3b99e102b609654876bd65f19f999935166d1352678931132b0c670"},
    {file = "setuptools-84.0.0.tar.gz", hash = "sha256:f4695c21257f0d9b537ec2692c941d02ee143b7cc1276941349a546573b2ef73"},
]

[[package]]
name = "tracerite"
version = "2.6.5"
requires_python = ">=3.10"
summary = "Human-readable HTML tracebacks for Python exceptions"
groups = ["default"]
dependencies = [
    "html5tagger>=2.0.0",
]
files = [
    {file = "tracerite-2.6.5-py3-none-any.whl", hash = "sha256:0de23ea33cede6a905448bf0bd5fa869c4d950d06a3595693eebe55e44070f15"},
    {file = "tracerite-2.6.5.tar.gz", hash = "sha256:e9ee648cf556aa7dbf0298c822a58ce33f9658b927db900fab72f1742146b695"},
]

[[package]]
name = "truststore"
version = "0.10.4"
requires_python = ">=3.10"
summary = "Verify certificates using native system trust stores"
groups = ["default"]
marker = "sys_platform != \"emscripten\""
files = [
    {file = "truststore-0.10.4-py3-none-any.whl", hash = "sha256:adaeaecf1cbb5f4de3b1959b42d41f6fab57b2b1666adb59e89cb0b53361d981"},
    {file = "truststore-0.10.4.tar.gz", hash = "sha256:9d91bd436463ad5e4ee4aba766628dd6cd7010cf3e2461756b3303710eebc301"},
]

[[package]]
name = "typing-extensions"
version = "4.16.0"
requires_python = ">=3.9"
summary = "Backported and Experimental Type Hints for Python 3.9+"
groups = ["default"]
files = [
    {file = "typing_extensions-4.16.0-py3-none-any.whl", hash = "sha256:481caa481374e813c1b176ada14e97f1f67a4539ce9cfeb3f350d78d6370c2e8"},
    {file = "typing_extensions-4.16.0.tar.gz", hash = "sha256:dc983d19a509c94dba722ee6abd33940f7c05a89e243c47e907eb4db6f1a43e5"},
]

[[package]]
name = "ujson"
version = "6.0.0"
requires_python = ">=3.10"
summary = "Ultra fast JSON encoder and decoder for Python"
groups = ["default"]
marker = "sys_platform != \"win32\" and implementation_name == \"cpython\""
files = [
    {file = "ujson-6.0.0-cp313-cp313-macosx_10_13_x86_64.whl", hash = "sha256:fb37ec7d7542e2f23fd7ca8fd034c8db7221c5e86d6a6a3a170711f993eecf15"},
    {file = "ujson-6.0.0-cp313-cp313-macosx_11_0_arm64.whl", hash = "sha256:ad11c9153c775087d261634410da7cfaac2743d79bc9ab573177d9e3398f00c6"},
    {file = "ujson-6.0.0-cp313-cp313-manylinux1_i686.manylinux2014_i686.manylinux_2_17_i686.manylinux_2_5_i686.whl", hash = "sha256:2dbe0b6d417b458164ccf1f59e081d6bd65c1fb2f626e0daeb6fb88c436f9643"},
    {file = "ujson-6.0.0-cp313-cp313-manylinux2014_aarch64.manylinux_2_17_aarch64.whl", hash = "sha256:455e6ae6c925eca6358110e665a31e5bbcf0a93dfe9822a26b954c9351de2c3f"},
    {file = "ujson-6.0.0-cp313-cp313-manylinux2014_x86_64.manylinux_2_17_x86_64.whl", hash = "sha256:5376a8c14d0eaf80789bdb10e21ae12582cdf526eb921a47f57053ef08c63f8c"},
    {file = "ujson-6.0.0-cp313-cp313-manylinux_2_24_aarch64.manylinux_2_28_aarch64.whl", hash = "sha256:b8bd6743ad58fe6067ea1677d5df4674bd7de143b038bcd4129c3a6ced483ae8"},
    {file = "ujson-6.0.0-cp313-cp313-manylinux_2_24_x86_64.manylinux_2_28_x86_64.whl", hash = "sha256:b3967550c8952bc516c79c40726a54313aceeb3162a8d5cc655362ab83d0957c"},
    {file = "ujson-6.0.0-cp313-cp313-musllinux_1_2_aarch64.whl", hash = "sha256:619b2152aa77c57a535e3e7eaf88ec8e25beac6d380378b2ade10362cce50f75"},
    {file = "ujson-6.0.0-cp313-cp313-musllinux_1_2_i686.whl", hash = "sha256:2e36269e715c8deea036d263557042e2598e79d52110233c1a623ed9e7c1cf0a"},
    {file = "ujson-6.0.0-cp313-cp313-musllinux_1_2_x86_64.whl", hash = "sha256:c626f68524a19f50d9a9babc17f9c379d1b2a9f2a3da5ac3c40a205cc736259f"},
    {file = "ujson-6.0.0-cp313-cp313-win32.whl", hash = "sha256:cea0a63173e4ae98cd960f484096233da76a62550ac10c53312a69ad9f3545b1"},
    {file = "ujson-6.0.0-cp313-cp313-win_amd64.whl", hash = "sha256:88b237680c705fd37bacbaaa335106fecb234a47e1df0737d949b8e32c7eb5f9"},
    {file = "ujson-6.0.0-cp313-cp313-win_arm64.whl", hash = "sha256:ec570979304a529a8be1bf9ea28889742a2ff5de9af1c6734584dfe1645da3e6"},
    {file = "ujson-6.0.0.tar.gz", hash = "sha256:80e23393feb707582e0ad495c397a4477b646d08094d2df64f7316f9fafd8aae"},
]

[[package]]
name = "uvloop"
version = "0.22.1"
requires_python = ">=3.8.1"
summary = "Fast implementation of asyncio event loop on top of libuv"
groups = ["default"]
marker = "sys_platform != \"win32\" and implementation_name == \"cpython\""
files = [
    {file = "uvloop-0.22.1-cp313-cp313-macosx_10_13_universal2.whl", hash = "sha256:561577354eb94200d75aca23fbde86ee11be36b00e52a4eaf8f50fb0c86b7705"},
    {file = "uvloop-0.22.1-cp313-cp313-macosx_10_13_x86_64.whl", hash = "sha256:1cdf5192ab3e674ca26da2eada35b288d2fa49fdd0f357a19f0e7c4e7d5077c8"},
    {file = "uvloop-0.22.1-cp313-cp313-manylinux2014_aarch64.manylinux_2_17_aarch64.manylinux_2_28_aarch64.whl", hash = "sha256:6e2ea3d6190a2968f4a14a23019d3b16870dd2190cd69c8180f7c632d21de68d"},
    {file = "uvloop-0.22.1-cp313-cp313-manylinux2014_x86_64.manylinux_2_17_x86_64.manylinux_2_28_x86_64.whl", hash = "sha256:0530a5fbad9c9e4ee3f2b33b148c6a64d47bbad8000ea63704fa8260f4cf728e"},
    {file = "uvloop-0.22.1-cp313-cp313-musllinux_1_2_aarch64.whl", hash = "sha256:bc5ef13bbc10b5335792360623cc378d52d7e62c2de64660616478c32cd0598e"},
    {file = "uvloop-0.22.1-cp313-cp313-musllinux_1_2_x86_64.whl", hash = "sha256:1f38ec5e3f18c8a10ded09742f7fb8de0108796eb673f30ce7762ce1b8550cad"},
    {file = "uvloop-0.22.1.tar.gz", hash = "sha256:6c84bae345b9147082b17371e3dd5d42775bddce91f885499017f4607fdaf39f"},
]

[[package]]
name = "websockets"
version = "17.1"
requires_python = ">=3.11"
summary = "An implementation of the WebSocket Protocol (RFC 6455 & 7692)"
groups = ["default"]
files = [
    {file = "websockets-17.1-cp313-cp313-macosx_10_13_universal2.whl", hash = "sha256:2a0162a6372110a5601cb5c9fd826635cedf69f3e110c545dd19774e040b970e"},
    {file = "websockets-17.1-cp313-cp313-macosx_10_13_x86_64.whl", hash = "sha256:829dba1bc049779de9b332088c1a6a9858e96bd67e50b6b644a95e02b67836bc"},
    {file = "websockets-17.1-cp313-cp313-macosx_11_0_arm64.whl", hash = "sha256:fd8f47dbf2e8adb15c847215f83436de3fdb120b51fdae0fbbdf69fd97a3ad80"},
    {file = "websockets-17.1-cp313-cp313-manylinux1_i686.manylinux_2_28_i686.manylinux_2_5_i686.whl", hash = "sha256:9f4c0377a83e163a303514fdfab501dbe379bdc13e5b9312a91d112658b29dce"},
    {file = "websockets-17.1-cp313-cp313-manylinux1_x86_64.manylinux_2_28_x86_64.manylinux_2_5_x86_64.whl", hash = "sha256:c3241d684a76eaaef8b2dc789afde4343cd3aad55ea81e4e8ab3605b529bae51"},
    {file = "websockets-17.1-cp313-cp313-manylinux2014_aarch64.manylinux_2_17_aarch64.manylinux_2_28_aarch64.whl", hash = "sha256:e5f5c7a893507d0e83a80b88aefd6522f7e882cd53f9722c6f23f5a020c9557c"},
    {file = "websockets-17.1-cp313-cp313-manylinux2014_armv7l.manylinux_2_17_armv7l.manylinux_2_31_armv7l.whl", hash = "sha256:00bf34b64501e3477e81fc281532ff3cbf4da26633c10b63979d5085d46602d3"},
    {file = "websockets-17.1-cp313-cp313-manylinux2014_ppc64le.manylinux_2_17_ppc64le.manylinux_2_28_ppc64le.whl", hash = "sha256:ce0305b702b20d1e1d60a9aaace6bc89970e1753565543f310d549eab22c2435"},
    {file = "websockets-17.1-cp313-cp313-manylinux2014_s390x.manylinux_2_17_s390x.manylinux_2_28_s390x.whl", hash = "sha256:29176d8b429cfa0fa443c473878d37a5c06cfd0cb36b71ba4314accc71e05906"},
    {file = "websockets-17.1-cp313-cp313-manylinux_2_31_riscv64.manylinux_2_39_riscv64.whl", hash = "sha256:3709a1ab30b4b922027d22f68d2b61a0656a91680ac894a537624e6be7dd7f7c"},
    {file = "websockets-17.1-cp313-cp313-musllinux_1_2_aarch64.whl", hash = "sha256:43bd0c1ceb924d67f5c1a5254d8361dd9d94246e6331a726064dfa2917880780"},
    {file = "websockets-17.1-cp313-cp313-musllinux_1_2_armv7l.whl", hash = "sha256:1fce0f43e0d41422e0b2cad6561e1970df22f212f4c7e884967df7cf591b031c"},
    {file = "websockets-17.1-cp313-cp313-musllinux_1_2_i686.whl", hash = "sha256:4031152769179ab8dcdeafc7b0e58052a49117560a28671700b47b2c7b717aad"},
    {file = "websockets-17.1-cp313-cp313-musllinux_1_2_ppc64le.whl", hash = "sha256:a06f3b5085176763182449559e20391d7ce616a8972a9f7a33deda87ea6d4f3c"},
    {file = "websockets-17.1-cp313-cp313-musllinux_1_2_riscv64.whl", hash = "sha256:77b37cceca17291897c3c73bd30a7c7c7909593554b5da574ec852af83c1742a"},
    {file = "websockets-17.1-cp313-cp313-musllinux_1_2_s390x.whl", hash = "sha256:d8e83333385cac6030a5167fd18bf96cc6c58b914c308e683f05b0cf94bc8dd0"},
    {file = "websockets-17.1-cp313-cp313-musllinux_1_2_x86_64.whl", hash = "sha256:073c5c3f7e127041fa9d34a9e29ceefee8c3cafbd267ed2927318f425144380d"},
    {file = "websockets-17.1-cp313-cp313-win32.whl", hash = "sha256:2afb58c7ba48b329d56769f8dfd89f394efe587b65ef806bae810a484d6d3608"},
    {file = "websockets-17.1-cp313-cp313-win_amd64.whl", hash = "sha256:0340bbef6bfbe16da888b3983d666a4db4954ac3253c38f13bc7aba0c7db5a2f"},
    {file = "websockets-17.1-cp313-cp313-win_arm64.whl", hash = "sha256:7a72efa3bf4fa3a6669a54420a472ad056da3973d827f10e3a536da463f926c2"},
    {file = "websockets-17.1-py3-none-any.whl", hash = "sha256:f221081107b8c48184d99f7019604486376e7ef826037e70aad6b02540732c23"},
    {file = "websockets-17.1.tar.gz", hash = "sha256:acfea4c20bf54384883ea33b1240fc1db4f52e190823a4e2b334bc3e8bfca96a"},
]
